
Microsoft Visual Studio Solution File, Format Version 12.00
# Visual Studio Version 17
VisualStudioVersion = 17.8.34408.163
MinimumVisualStudioVersion = 10.0.40219.1
Project("{FAE04EC0-301F-11D3-BF4B-00C04F79EFBC}") = "Nymph.Model", "Nymph.Model\Nymph.Model.csproj", "{DD01AE8F-E291-4F28-A990-1D0DEF4C1C05}"
EndProject
Global
	GlobalSection(SolutionConfigurationPlatforms) = preSolution
		Debug|Any CPU = Debug|Any CPU
		Debug|ARM = Debug|ARM
		Debug|ARM64 = Debug|ARM64
		Debug|x64 = Debug|x64
		Debug|x86 = Debug|x86
		Release|Any CPU = Release|Any CPU
		Release|ARM = Release|ARM
		Release|ARM64 = Release|ARM64
		Release|x64 = Release|x64
		Release|x86 = Release|x86
	EndGlobalSection
	GlobalSection(ProjectConfigurationPlatforms) = postSolution
		{DD01AE8F-E291-4F28-A990-1D0DEF4C1C05}.Debug|Any CPU.ActiveCfg = Debug|Any CPU
		{DD01AE8F-E291-4F28-A990-1D0DEF4C1C05}.Debug|Any CPU.Build.0 = Debug|Any CPU
		{DD01AE8F-E291-4F28-A990-1D0DEF4C1C05}.Debug|ARM.ActiveCfg = Debug|Any CPU
		{DD01AE8F-E291-4F28-A990-1D0DEF4C1C05}.Debug|ARM.Build.0 = Debug|Any CPU
		{DD01AE8F-E291-4F28-A990-1D0DEF4C1C05}.Debug|ARM64.ActiveCfg = Debug|Any CPU
		{DD01AE8F-E291-4F28-A990-1D0DEF4C1C05}.Debug|ARM64.Build.0 = Debug|Any CPU
		{DD01AE8F-E291-4F28-A990-1D0DEF4C1C05}.Debug|x64.ActiveCfg = Debug|Any CPU
		{DD01AE8F-E291-4F28-A990-1D0DEF4C1C05}.Debug|x64.Build.0 = Debug|Any CPU
		{DD01AE8F-E291-4F28-A990-1D0DEF4C1C05}.Debug|x86.ActiveCfg = Debug|Any CPU
		{DD01AE8F-E291-4F28-A990-1D0DEF4C1C05}.Debug|x86.Build.0 = Debug|Any CPU
		{DD01AE8F-E291-4F28-A990-1D0DEF4C1C05}.Release|Any CPU.ActiveCfg = Release|Any CPU
		{DD01AE8F-E291-4F28-A990-1D0DEF4C1C05}.Release|Any CPU.Build.0 = Release|Any CPU
		{DD01AE8F-E291-4F28-A990-1D0DEF4C1C05}.Release|ARM.ActiveCfg = Release|Any CPU
		{DD01AE8F-E291-4F28-A990-1D0DEF4C1C05}.Release|ARM.Build.0 = Release|Any CPU
		{DD01AE8F-E291-4F28-A990-1D0DEF4C1C05}.Release|ARM64.ActiveCfg = Release|Any CPU
		{DD01AE8F-E291-4F28-A990-1D0DEF4C1C05}.Release|ARM64.Build.0 = Release|Any CPU
		{DD01AE8F-E291-4F28-A990-1D0DEF4C1C05}.Release|x64.ActiveCfg = Release|Any CPU
		{DD01AE8F-E291-4F28-A990-1D0DEF4C1C05}.Release|x64.Build.0 = Release|Any CPU
		{DD01AE8F-E291-4F28-A990-1D0DEF4C1C05}.Release|x86.ActiveCfg = Release|Any CPU
		{DD01AE8F-E291-4F28-A990-1D0DEF4C1C05}.Release|x86.Build.0 = Release|Any CPU
	EndGlobalSection
	GlobalSection(SolutionProperties) = preSolution
		HideSolutionNode = FALSE
	EndGlobalSection
	GlobalSection(ExtensibilityGlobals) = postSolution
		SolutionGuid = {9C2D4E40-AC17-4B90-9D7B-5EC58646622E}
	EndGlobalSection
EndGlobal
