
Microsoft Visual Studio Solution File, Format Version 12.00
# Visual Studio Version 17
VisualStudioVersion = 17.8.34408.163
MinimumVisualStudioVersion = 10.0.40219.1
Project("{9A19103F-16F7-4668-BE54-9A1E7A4F7556}") = "Nymph.Model", "Nymph.Model\Nymph.Model.csproj", "{73B9156A-3599-4C7D-96D6-8F47F8C255EE}"
EndProject
Project("{9A19103F-16F7-4668-BE54-9A1E7A4F7556}") = "Nymph.Shared", "Nymph.Shared\Nymph.Shared.csproj", "{6CECAD5C-AC74-4535-A93F-DA58D9586763}"
EndProject
Project("{9A19103F-16F7-4668-BE54-9A1E7A4F7556}") = "Nymph.Model.Test", "Nymph.Model.Test\Nymph.Model.Test.csproj", "{238B97A7-E86C-45BE-AC28-EEF34A6368AA}"
EndProject
Project("{9A19103F-16F7-4668-BE54-9A1E7A4F7556}") = "Nymph.Helper", "Nymph.Helper\Nymph.Helper.csproj", "{D1DF9F8B-826C-4FA6-B9AA-4ECE6199ECDE}"
EndProject
Project("{9A19103F-16F7-4668-BE54-9A1E7A4F7556}") = "Nymph.Shared.Test", "Nymph.Shared.Test\Nymph.Shared.Test.csproj", "{54DC4015-9827-488A-B34D-6F53ACF99E10}"
EndProject
Project("{FAE04EC0-301F-11D3-BF4B-00C04F79EFBC}") = "Nymph.App", "Nymph.App\Nymph.App.csproj", "{53659217-551B-4613-B39B-03596B0CFDFF}"
EndProject
Project("{FAE04EC0-301F-11D3-BF4B-00C04F79EFBC}") = "Nymph.Plugin.Everything", "Nymph.Plugin.Everything\Nymph.Plugin.Everything.csproj", "{ED959712-B5B7-4227-9F12-41F1C9925047}"
EndProject
Project("{FAE04EC0-301F-11D3-BF4B-00C04F79EFBC}") = "Nymph.Plugin.GitHub", "Nymph.Plugin.GitHub\Nymph.Plugin.GitHub.csproj", "{63070A39-F06B-4CED-A57A-DB16BA612157}"
EndProject
Global
	GlobalSection(SolutionConfigurationPlatforms) = preSolution
		Debug|Any CPU = Debug|Any CPU
		Release|Any CPU = Release|Any CPU
	EndGlobalSection
	GlobalSection(ProjectConfigurationPlatforms) = postSolution
		{73B9156A-3599-4C7D-96D6-8F47F8C255EE}.Debug|Any CPU.ActiveCfg = Debug|Any CPU
		{73B9156A-3599-4C7D-96D6-8F47F8C255EE}.Debug|Any CPU.Build.0 = Debug|Any CPU
		{73B9156A-3599-4C7D-96D6-8F47F8C255EE}.Release|Any CPU.ActiveCfg = Release|Any CPU
		{73B9156A-3599-4C7D-96D6-8F47F8C255EE}.Release|Any CPU.Build.0 = Release|Any CPU
		{6CECAD5C-AC74-4535-A93F-DA58D9586763}.Debug|Any CPU.ActiveCfg = Debug|Any CPU
		{6CECAD5C-AC74-4535-A93F-DA58D9586763}.Debug|Any CPU.Build.0 = Debug|Any CPU
		{6CECAD5C-AC74-4535-A93F-DA58D9586763}.Release|Any CPU.ActiveCfg = Release|Any CPU
		{6CECAD5C-AC74-4535-A93F-DA58D9586763}.Release|Any CPU.Build.0 = Release|Any CPU
		{238B97A7-E86C-45BE-AC28-EEF34A6368AA}.Debug|Any CPU.ActiveCfg = Debug|Any CPU
		{238B97A7-E86C-45BE-AC28-EEF34A6368AA}.Debug|Any CPU.Build.0 = Debug|Any CPU
		{238B97A7-E86C-45BE-AC28-EEF34A6368AA}.Release|Any CPU.ActiveCfg = Release|Any CPU
		{238B97A7-E86C-45BE-AC28-EEF34A6368AA}.Release|Any CPU.Build.0 = Release|Any CPU
		{D1DF9F8B-826C-4FA6-B9AA-4ECE6199ECDE}.Debug|Any CPU.ActiveCfg = Debug|Any CPU
		{D1DF9F8B-826C-4FA6-B9AA-4ECE6199ECDE}.Debug|Any CPU.Build.0 = Debug|Any CPU
		{D1DF9F8B-826C-4FA6-B9AA-4ECE6199ECDE}.Release|Any CPU.ActiveCfg = Release|Any CPU
		{D1DF9F8B-826C-4FA6-B9AA-4ECE6199ECDE}.Release|Any CPU.Build.0 = Release|Any CPU
		{54DC4015-9827-488A-B34D-6F53ACF99E10}.Debug|Any CPU.ActiveCfg = Debug|Any CPU
		{54DC4015-9827-488A-B34D-6F53ACF99E10}.Debug|Any CPU.Build.0 = Debug|Any CPU
		{54DC4015-9827-488A-B34D-6F53ACF99E10}.Release|Any CPU.ActiveCfg = Release|Any CPU
		{54DC4015-9827-488A-B34D-6F53ACF99E10}.Release|Any CPU.Build.0 = Release|Any CPU
		{53659217-551B-4613-B39B-03596B0CFDFF}.Debug|Any CPU.ActiveCfg = Debug|Any CPU
		{53659217-551B-4613-B39B-03596B0CFDFF}.Debug|Any CPU.Build.0 = Debug|Any CPU
		{53659217-551B-4613-B39B-03596B0CFDFF}.Release|Any CPU.ActiveCfg = Release|Any CPU
		{53659217-551B-4613-B39B-03596B0CFDFF}.Release|Any CPU.Build.0 = Release|Any CPU
		{ED959712-B5B7-4227-9F12-41F1C9925047}.Debug|Any CPU.ActiveCfg = Debug|Any CPU
		{ED959712-B5B7-4227-9F12-41F1C9925047}.Debug|Any CPU.Build.0 = Debug|Any CPU
		{ED959712-B5B7-4227-9F12-41F1C9925047}.Release|Any CPU.ActiveCfg = Release|Any CPU
		{ED959712-B5B7-4227-9F12-41F1C9925047}.Release|Any CPU.Build.0 = Release|Any CPU
		{63070A39-F06B-4CED-A57A-DB16BA612157}.Debug|Any CPU.ActiveCfg = Debug|Any CPU
		{63070A39-F06B-4CED-A57A-DB16BA612157}.Debug|Any CPU.Build.0 = Debug|Any CPU
		{63070A39-F06B-4CED-A57A-DB16BA612157}.Release|Any CPU.ActiveCfg = Release|Any CPU
		{63070A39-F06B-4CED-A57A-DB16BA612157}.Release|Any CPU.Build.0 = Release|Any CPU
	EndGlobalSection
	GlobalSection(SolutionProperties) = preSolution
		HideSolutionNode = FALSE
	EndGlobalSection
	GlobalSection(ExtensibilityGlobals) = postSolution
		SolutionGuid = {9C2D4E40-AC17-4B90-9D7B-5EC58646622E}
	EndGlobalSection
EndGlobal
